
Microsoft Visual Studio Solution File, Format Version 12.00
# Visual Studio 15
VisualStudioVersion = 15.0.28307.539
MinimumVisualStudioVersion = 10.0.40219.1
Project("{FAE04EC0-301F-11D3-BF4B-00C04F79EFBC}") = "Integration.CompleteWebAPI", "Integration.CompleteWebAPI\Integration.CompleteWebAPI.csproj", "{FD3C269B-542B-4F6C-AE30-E7FC628E392F}"
EndProject
Global
	GlobalSection(SolutionConfigurationPlatforms) = preSolution
		Debug|Any CPU = Debug|Any CPU
		Release|Any CPU = Release|Any CPU
	EndGlobalSection
	GlobalSection(ProjectConfigurationPlatforms) = postSolution
		{FD3C269B-542B-4F6C-AE30-E7FC628E392F}.Debug|Any CPU.ActiveCfg = Debug|Any CPU
		{FD3C269B-542B-4F6C-AE30-E7FC628E392F}.Debug|Any CPU.Build.0 = Debug|Any CPU
		{FD3C269B-542B-4F6C-AE30-E7FC628E392F}.Release|Any CPU.ActiveCfg = Release|Any CPU
		{FD3C269B-542B-4F6C-AE30-E7FC628E392F}.Release|Any CPU.Build.0 = Release|Any CPU
	EndGlobalSection
	GlobalSection(SolutionProperties) = preSolution
		HideSolutionNode = FALSE
	EndGlobalSection
	GlobalSection(ExtensibilityGlobals) = postSolution
		SolutionGuid = {380D28C6-E4AC-4689-BBA1-F5D32054733E}
	EndGlobalSection
EndGlobal
